{
  "name": "agent-tui",
  "version": "0.3.4",
  "lockfileVersion": 3,
  "requires": true,
  "packages": {
    "": {
      "name": "agent-tui",
      "version": "0.3.4",
      "cpu": [
        "x64",
        "arm64"
      ],
      "hasInstallScript": true,
      "license": "MIT",
      "os": [
        "darwin",
        "linux"
      ],
      "bin": {
        "agent-tui": "bin/agent-tui"
      },
      "engines": {
        "node": ">=16"
      }
    }
  }
}
