{
  "lockfileVersion": 1,
  "workspaces": {
    "": {
      "name": "agent-tui-web",
      "dependencies": {
        "xterm": "^5.3.0",
        "xterm-addon-fit": "^0.8.0",
      },
    },
  },
  "packages": {
    "xterm": ["xterm@5.3.0", "", {}, "sha512-8QqjlekLUFTrU6x7xck1MsPzPA571K5zNqWm0M0oroYEWVOptZ0+ubQSkQ3uxIEhcIHRujJy6emDWX4A7qyFzg=="],

    "xterm-addon-fit": ["xterm-addon-fit@0.8.0", "", { "peerDependencies": { "xterm": "^5.0.0" } }, "sha512-yj3Np7XlvxxhYF/EJ7p3KHaMt6OdwQ+HDu573Vx1lRXsVxOcnVJs51RgjZOouIZOczTsskaS+CpXspK81/DLqw=="],
  }
}
