{
  "lockfileVersion": 1,
  "configVersion": 0,
  "workspaces": {
    "": {
      "name": "agent-tui-web",
      "dependencies": {
        "lucide": "^1.0.0",
        "xterm": "^5.3.0",
        "xterm-addon-fit": "^0.8.0",
      },
    },
  },
  "packages": {
    "lucide": ["lucide@1.41.0", "", {}, "sha512-fIXP7JzC1vehdqOrMhwpbcXzX6CvUMuoDf16HY1FmC4sDBeuwrH2A0c6QmLn3wnSvaMchpEyM+JWijyTvOs3kw=="],

    "xterm": ["xterm@5.3.0", "", {}, "sha512-8QqjlekLUFTrU6x7xck1MsPzPA571K5zNqWm0M0oroYEWVOptZ0+ubQSkQ3uxIEhcIHRujJy6emDWX4A7qyFzg=="],

    "xterm-addon-fit": ["xterm-addon-fit@0.8.0", "", { "peerDependencies": { "xterm": "^5.0.0" } }, "sha512-yj3Np7XlvxxhYF/EJ7p3KHaMt6OdwQ+HDu573Vx1lRXsVxOcnVJs51RgjZOouIZOczTsskaS+CpXspK81/DLqw=="],
  }
}
